Microsoft Visual Studio Solution File, Format Version 12.00
# Visual Studio Version 17
VisualStudioVersion = 17.5.2.0
MinimumVisualStudioVersion = 10.0.40219.1
Project("{FAE04EC0-301F-11D3-BF4B-00C04F79EFBC}") = "LoginNexus", "LoginNexus.csproj", "{378ADEB3-DD76-46BE-3DDF-0AA5FB3B50B4}"
EndProject
Global
	GlobalSection(SolutionConfigurationPlatforms) = preSolution
		Debug|Any CPU = Debug|Any CPU
		Release|Any CPU = Release|Any CPU
	EndGlobalSection
	GlobalSection(ProjectConfigurationPlatforms) = postSolution
		{378ADEB3-DD76-46BE-3DDF-0AA5FB3B50B4}.Debug|Any CPU.ActiveCfg = Debug|Any CPU
		{378ADEB3-DD76-46BE-3DDF-0AA5FB3B50B4}.Debug|Any CPU.Build.0 = Debug|Any CPU
		{378ADEB3-DD76-46BE-3DDF-0AA5FB3B50B4}.Release|Any CPU.ActiveCfg = Release|Any CPU
		{378ADEB3-DD76-46BE-3DDF-0AA5FB3B50B4}.Release|Any CPU.Build.0 = Release|Any CPU
	EndGlobalSection
	GlobalSection(SolutionProperties) = preSolution
		HideSolutionNode = FALSE
	EndGlobalSection
	GlobalSection(ExtensibilityGlobals) = postSolution
		SolutionGuid = {6578309A-A7BC-4BCE-B6D4-DE38D83F6C8F}
	EndGlobalSection
EndGlobal
